// !$*UTF8*$!
{
	archiveVersion = 1;
	classes = {
	};
	objectVersion = 46;
	objects = {

/* Begin PBXBuildFile section */
		45080E261F1DD73300E6F590 /* main.m in Sources */ = {isa = PBXBuildFile; fileRef = 45080E251F1DD73300E6F590 /* main.m */; };
		45080E291F1DD73300E6F590 /* AppDelegate.m in Sources */ = {isa = PBXBuildFile; fileRef = 45080E281F1DD73300E6F590 /* AppDelegate.m */; };
		45080E2C1F1DD73300E6F590 /* MainVC.m in Sources */ = {isa = PBXBuildFile; fileRef = 45080E2B1F1DD73300E6F590 /* MainVC.m */; };
		45080E2F1F1DD73300E6F590 /* Main.storyboard in Resources */ = {isa = PBXBuildFile; fileRef = 45080E2D1F1DD73300E6F590 /* Main.storyboard */; };
		45080E321F1DD73300E6F590 /* FieldDispatch.xcdatamodeld in Sources */ = {isa = PBXBuildFile; fileRef = 45080E301F1DD73300E6F590 /* FieldDispatch.xcdatamodeld */; };
		45080E341F1DD73300E6F590 /* Assets.xcassets in Resources */ = {isa = PBXBuildFile; fileRef = 45080E331F1DD73300E6F590 /* Assets.xcassets */; };
		45080E371F1DD73300E6F590 /* LaunchScreen.storyboard in Resources */ = {isa = PBXBuildFile; fileRef = 45080E351F1DD73300E6F590 /* LaunchScreen.storyboard */; };
		45080E3F1F1DDD8700E6F590 /* GoogleService-Info.plist in Resources */ = {isa = PBXBuildFile; fileRef = 45080E3E1F1DDD8700E6F590 /* GoogleService-Info.plist */; };
		450A65FE1F31D85700BA96C3 /* UIButton+MButton.m in Sources */ = {isa = PBXBuildFile; fileRef = 450A65FD1F31D85700BA96C3 /* UIButton+MButton.m */; };
		450A66011F31E29900BA96C3 /* CheckSingInVC.m in Sources */ = {isa = PBXBuildFile; fileRef = 450A66001F31E29900BA96C3 /* CheckSingInVC.m */; };
		450B73781F3EDC2A008A2458 /* Map.storyboard in Resources */ = {isa = PBXBuildFile; fileRef = 450B73761F3EDC2A008A2458 /* Map.storyboard */; };
		450B737A1F3EDCF6008A2458 /* CheckSignIn.storyboard in Resources */ = {isa = PBXBuildFile; fileRef = 450B73791F3EDCF6008A2458 /* CheckSignIn.storyboard */; };
		450B737D1F3EDDA2008A2458 /* SignInVC.storyboard in Resources */ = {isa = PBXBuildFile; fileRef = 450B737B1F3EDDA2008A2458 /* SignInVC.storyboard */; };
		450B73801F3EE5C2008A2458 /* MissionTVC.m in Sources */ = {isa = PBXBuildFile; fileRef = 450B737F1F3EE5C2008A2458 /* MissionTVC.m */; };
		450B73851F3EE7EA008A2458 /* Mission.storyboard in Resources */ = {isa = PBXBuildFile; fileRef = 450B73831F3EE7EA008A2458 /* Mission.storyboard */; };
		450B73881F3EE8D8008A2458 /* MissionTVCell.m in Sources */ = {isa = PBXBuildFile; fileRef = 450B73871F3EE8D8008A2458 /* MissionTVCell.m */; };
		450B738B1F3F22EC008A2458 /* MissionVO.m in Sources */ = {isa = PBXBuildFile; fileRef = 450B738A1F3F22EC008A2458 /* MissionVO.m */; };
		450B738E1F4004E7008A2458 /* FieldDispatchLoginVC.storyboard in Resources */ = {isa = PBXBuildFile; fileRef = 450B738C1F4004E7008A2458 /* FieldDispatchLoginVC.storyboard */; };
		450B73911F400AE8008A2458 /* UIColor+MColor.m in Sources */ = {isa = PBXBuildFile; fileRef = 450B73901F400AE8008A2458 /* UIColor+MColor.m */; };
		450B73941F41C06C008A2458 /* CreateMissionVC.m in Sources */ = {isa = PBXBuildFile; fileRef = 450B73931F41C06C008A2458 /* CreateMissionVC.m */; };
		450F7EBA1F38141A00DEF66D /* MemberDatabase.m in Sources */ = {isa = PBXBuildFile; fileRef = 450F7EB91F38141A00DEF66D /* MemberDatabase.m */; };
		450F7EC01F38C7CB00DEF66D /* MapVC.m in Sources */ = {isa = PBXBuildFile; fileRef = 450F7EBF1F38C7CB00DEF66D /* MapVC.m */; };
		450F7EC31F38CE2700DEF66D /* UserInfoVC.m in Sources */ = {isa = PBXBuildFile; fileRef = 450F7EC21F38CE2700DEF66D /* UserInfoVC.m */; };
		450F7EC81F38D70B00DEF66D /* UserInfo.storyboard in Resources */ = {isa = PBXBuildFile; fileRef = 450F7EC61F38D70B00DEF66D /* UserInfo.storyboard */; };
		4526B6811F23A7BF00FB6035 /* MasqurinTool.m in Sources */ = {isa = PBXBuildFile; fileRef = 4526B6801F23A7BF00FB6035 /* MasqurinTool.m */; };
		4526B6841F23ABBC00FB6035 /* MUIBottonlineTextField.m in Sources */ = {isa = PBXBuildFile; fileRef = 4526B6831F23ABBC00FB6035 /* MUIBottonlineTextField.m */; };
		4526B6881F244F6100FB6035 /* FieldDispatchLoginChooseViewController.m in Sources */ = {isa = PBXBuildFile; fileRef = 4526B6871F244F6100FB6035 /* FieldDispatchLoginChooseViewController.m */; };
		4526B68B1F24550900FB6035 /* MobileDataBase.m in Sources */ = {isa = PBXBuildFile; fileRef = 4526B68A1F24550900FB6035 /* MobileDataBase.m */; };
		4526B68E1F249A5300FB6035 /* FieldDispatchDataBase.m in Sources */ = {isa = PBXBuildFile; fileRef = 4526B68D1F249A5300FB6035 /* FieldDispatchDataBase.m */; };
		452D2B991F32079C00ABB68D /* UITextField+BottonLine.m in Sources */ = {isa = PBXBuildFile; fileRef = 452D2B981F32079C00ABB68D /* UITextField+BottonLine.m */; };
		4532DBAF1F2F1CDF00375E30 /* HttpConnection.m in Sources */ = {isa = PBXBuildFile; fileRef = 4532DBAE1F2F1CDF00375E30 /* HttpConnection.m */; };
		4563B8031F3DE1D000FCE61E /* AdvanceImageView.m in Sources */ = {isa = PBXBuildFile; fileRef = 4563B8021F3DE1D000FCE61E /* AdvanceImageView.m */; };
		4586F2631F45613400EEBFE1 /* MissionWorkPointVO.m in Sources */ = {isa = PBXBuildFile; fileRef = 4586F2621F45613400EEBFE1 /* MissionWorkPointVO.m */; };
		4586F2DD1F4717F100EEBFE1 /* MLoctionVO.m in Sources */ = {isa = PBXBuildFile; fileRef = 4586F2DC1F4717F100EEBFE1 /* MLoctionVO.m */; };
		4586F2E31F48131400EEBFE1 /* MemberGroupVO.m in Sources */ = {isa = PBXBuildFile; fileRef = 4586F2E21F48131400EEBFE1 /* MemberGroupVO.m */; };
		4586F2E91F481ED900EEBFE1 /* MemberGroupMemberVO.m in Sources */ = {isa = PBXBuildFile; fileRef = 4586F2E81F481ED900EEBFE1 /* MemberGroupMemberVO.m */; };
		4586F2EC1F48227C00EEBFE1 /* MemberGroupManagerVO.m in Sources */ = {isa = PBXBuildFile; fileRef = 4586F2EB1F48227C00EEBFE1 /* MemberGroupManagerVO.m */; };
		459630B41F25E9F5004BD775 /* MUIButtonAutoLayout.m in Sources */ = {isa = PBXBuildFile; fileRef = 459630B31F25E9F5004BD775 /* MUIButtonAutoLayout.m */; };
		459C64FE1F29ADBA00A06324 /* TeamMembers.m in Sources */ = {isa = PBXBuildFile; fileRef = 459C64FD1F29ADBA00A06324 /* TeamMembers.m */; };
		459C65971F2B04B000A06324 /* UIView+AutoLayout.m in Sources */ = {isa = PBXBuildFile; fileRef = 459C65961F2B04B000A06324 /* UIView+AutoLayout.m */; };
		45E9FEBA1F2207A100025E7F /* LogIn.m in Sources */ = {isa = PBXBuildFile; fileRef = 45E9FEB91F2207A100025E7F /* LogIn.m */; };
		45E9FEC51F22137E00025E7F /* SingInVC.m in Sources */ = {isa = PBXBuildFile; fileRef = 45E9FEC41F22137E00025E7F /* SingInVC.m */; };
		45E9FECA1F22346400025E7F /* CoreLocation.framework in Frameworks */ = {isa = PBXBuildFile; fileRef = 45E9FEC91F22346400025E7F /* CoreLocation.framework */; };
		45E9FECC1F22347200025E7F /* MapKit.framework in Frameworks */ = {isa = PBXBuildFile; fileRef = 45E9FECB1F22347200025E7F /* MapKit.framework */; };
		55042A07791E18DF2950DA35 /* libPods-FieldDispatch.a in Frameworks */ = {isa = PBXBuildFile; fileRef = D8372D5AD33AD30C4EEE0F64 /* libPods-FieldDispatch.a */; };
/* End PBXBuildFile section */

/* Begin PBXFileReference section */
		253E1FE1C362B86EC1AFDC3C /* Pods-FieldDispatch.release.xcconfig */ = {isa = PBXFileReference; includeInIndex = 1; lastKnownFileType = text.xcconfig; name = "Pods-FieldDispatch.release.xcconfig"; path = "Pods/Target Support Files/Pods-FieldDispatch/Pods-FieldDispatch.release.xcconfig"; sourceTree = "<group>"; };
		33FEACD5D686E023A32EFA84 /* Pods-FieldDispatch.debug.xcconfig */ = {isa = PBXFileReference; includeInIndex = 1; lastKnownFileType = text.xcconfig; name = "Pods-FieldDispatch.debug.xcconfig"; path = "Pods/Target Support Files/Pods-FieldDispatch/Pods-FieldDispatch.debug.xcconfig"; sourceTree = "<group>"; };
		45080E211F1DD73300E6F590 /* FieldDispatch.app */ = {isa = PBXFileReference; explicitFileType = wrapper.application; includeInIndex = 0; path = FieldDispatch.app; sourceTree = BUILT_PRODUCTS_DIR; };
		45080E251F1DD73300E6F590 /* main.m */ = {isa = PBXFileReference; lastKnownFileType = sourcecode.c.objc; path = main.m; sourceTree = "<group>"; };
		45080E271F1DD73300E6F590 /* AppDelegate.h */ = {isa = PBXFileReference; lastKnownFileType = sourcecode.c.h; path = AppDelegate.h; sourceTree = "<group>"; };
		45080E281F1DD73300E6F590 /* AppDelegate.m */ = {isa = PBXFileReference; lastKnownFileType = sourcecode.c.objc; path = AppDelegate.m; sourceTree = "<group>"; };
		45080E2A1F1DD73300E6F590 /* MainVC.h */ = {isa = PBXFileReference; lastKnownFileType = sourcecode.c.h; path = MainVC.h; sourceTree = "<group>"; };
		45080E2B1F1DD73300E6F590 /* MainVC.m */ = {isa = PBXFileReference; lastKnownFileType = sourcecode.c.objc; path = MainVC.m; sourceTree = "<group>"; };
		45080E2E1F1DD73300E6F590 /* Base */ = {isa = PBXFileReference; lastKnownFileType = file.storyboard; name = Base; path = Base.lproj/Main.storyboard; sourceTree = "<group>"; };
		45080E311F1DD73300E6F590 /* FieldDispatch.xcdatamodel */ = {isa = PBXFileReference; lastKnownFileType = wrapper.xcdatamodel; path = FieldDispatch.xcdatamodel; sourceTree = "<group>"; };
		45080E331F1DD73300E6F590 /* Assets.xcassets */ = {isa = PBXFileReference; lastKnownFileType = folder.assetcatalog; path = Assets.xcassets; sourceTree = "<group>"; };
		45080E361F1DD73300E6F590 /* Base */ = {isa = PBXFileReference; lastKnownFileType = file.storyboard; name = Base; path = Base.lproj/LaunchScreen.storyboard; sourceTree = "<group>"; };
		45080E381F1DD73300E6F590 /* Info.plist */ = {isa = PBXFileReference; lastKnownFileType = text.plist.xml; path = Info.plist; sourceTree = "<group>"; };
		45080E3E1F1DDD8700E6F590 /* GoogleService-Info.plist */ = {isa = PBXFileReference; fileEncoding = 4; lastKnownFileType = text.plist.xml; path = "GoogleService-Info.plist"; sourceTree = "<group>"; };
		450A65FC1F31D85700BA96C3 /* UIButton+MButton.h */ = {isa = PBXFileReference; fileEncoding = 4; lastKnownFileType = sourcecode.c.h; path = "UIButton+MButton.h"; sourceTree = "<group>"; };
		450A65FD1F31D85700BA96C3 /* UIButton+MButton.m */ = {isa = PBXFileReference; fileEncoding = 4; lastKnownFileType = sourcecode.c.objc; path = "UIButton+MButton.m"; sourceTree = "<group>"; };
		450A65FF1F31E29900BA96C3 /* CheckSingInVC.h */ = {isa = PBXFileReference; fileEncoding = 4; lastKnownFileType = sourcecode.c.h; path = CheckSingInVC.h; sourceTree = "<group>"; };
		450A66001F31E29900BA96C3 /* CheckSingInVC.m */ = {isa = PBXFileReference; fileEncoding = 4; lastKnownFileType = sourcecode.c.objc; path = CheckSingInVC.m; sourceTree = "<group>"; };
		450B73771F3EDC2A008A2458 /* Base */ = {isa = PBXFileReference; lastKnownFileType = file.storyboard; name = Base; path = Base.lproj/Map.storyboard; sourceTree = "<group>"; };
		450B73791F3EDCF6008A2458 /* CheckSignIn.storyboard */ = {isa = PBXFileReference; fileEncoding = 4; lastKnownFileType = file.storyboard; path = CheckSignIn.storyboard; sourceTree = "<group>"; };
		450B737C1F3EDDA2008A2458 /* Base */ = {isa = PBXFileReference; lastKnownFileType = file.storyboard; name = Base; path = Base.lproj/SignInVC.storyboard; sourceTree = "<group>"; };
		450B737E1F3EE5C2008A2458 /* MissionTVC.h */ = {isa = PBXFileReference; fileEncoding = 4; lastKnownFileType = sourcecode.c.h; path = MissionTVC.h; sourceTree = "<group>"; };
		450B737F1F3EE5C2008A2458 /* MissionTVC.m */ = {isa = PBXFileReference; fileEncoding = 4; lastKnownFileType = sourcecode.c.objc; path = MissionTVC.m; sourceTree = "<group>"; };
		450B73841F3EE7EA008A2458 /* Base */ = {isa = PBXFileReference; lastKnownFileType = file.storyboard; name = Base; path = Base.lproj/Mission.storyboard; sourceTree = "<group>"; };
		450B73861F3EE8D7008A2458 /* MissionTVCell.h */ = {isa = PBXFileReference; fileEncoding = 4; lastKnownFileType = sourcecode.c.h; path = MissionTVCell.h; sourceTree = "<group>"; };
		450B73871F3EE8D8008A2458 /* MissionTVCell.m */ = {isa = PBXFileReference; fileEncoding = 4; lastKnownFileType = sourcecode.c.objc; path = MissionTVCell.m; sourceTree = "<group>"; };
		450B73891F3F22EC008A2458 /* MissionVO.h */ = {isa = PBXFileReference; fileEncoding = 4; lastKnownFileType = sourcecode.c.h; path = MissionVO.h; sourceTree = "<group>"; };
		450B738A1F3F22EC008A2458 /* MissionVO.m */ = {isa = PBXFileReference; fileEncoding = 4; lastKnownFileType = sourcecode.c.objc; path = MissionVO.m; sourceTree = "<group>"; };
		450B738D1F4004E7008A2458 /* Base */ = {isa = PBXFileReference; lastKnownFileType = file.storyboard; name = Base; path = Base.lproj/FieldDispatchLoginVC.storyboard; sourceTree = "<group>"; };
		450B738F1F400AE8008A2458 /* UIColor+MColor.h */ = {isa = PBXFileReference; fileEncoding = 4; lastKnownFileType = sourcecode.c.h; path = "UIColor+MColor.h"; sourceTree = "<group>"; };
		450B73901F400AE8008A2458 /* UIColor+MColor.m */ = {isa = PBXFileReference; fileEncoding = 4; lastKnownFileType = sourcecode.c.objc; path = "UIColor+MColor.m"; sourceTree = "<group>"; };
		450B73921F41C06C008A2458 /* CreateMissionVC.h */ = {isa = PBXFileReference; fileEncoding = 4; lastKnownFileType = sourcecode.c.h; path = CreateMissionVC.h; sourceTree = "<group>"; };
		450B73931F41C06C008A2458 /* CreateMissionVC.m */ = {isa = PBXFileReference; fileEncoding = 4; lastKnownFileType = sourcecode.c.objc; path = CreateMissionVC.m; sourceTree = "<group>"; };
		450F7EB81F38141A00DEF66D /* MemberDatabase.h */ = {isa = PBXFileReference; fileEncoding = 4; lastKnownFileType = sourcecode.c.h; path = MemberDatabase.h; sourceTree = "<group>"; };
		450F7EB91F38141A00DEF66D /* MemberDatabase.m */ = {isa = PBXFileReference; fileEncoding = 4; lastKnownFileType = sourcecode.c.objc; path = MemberDatabase.m; sourceTree = "<group>"; };
		450F7EBE1F38C7CB00DEF66D /* MapVC.h */ = {isa = PBXFileReference; fileEncoding = 4; lastKnownFileType = sourcecode.c.h; path = MapVC.h; sourceTree = "<group>"; };
		450F7EBF1F38C7CB00DEF66D /* MapVC.m */ = {isa = PBXFileReference; fileEncoding = 4; lastKnownFileType = sourcecode.c.objc; path = MapVC.m; sourceTree = "<group>"; };
		450F7EC11F38CE2700DEF66D /* UserInfoVC.h */ = {isa = PBXFileReference; fileEncoding = 4; lastKnownFileType = sourcecode.c.h; path = UserInfoVC.h; sourceTree = "<group>"; };
		450F7EC21F38CE2700DEF66D /* UserInfoVC.m */ = {isa = PBXFileReference; fileEncoding = 4; lastKnownFileType = sourcecode.c.objc; path = UserInfoVC.m; sourceTree = "<group>"; };
		450F7EC71F38D70B00DEF66D /* Base */ = {isa = PBXFileReference; lastKnownFileType = file.storyboard; name = Base; path = Base.lproj/UserInfo.storyboard; sourceTree = "<group>"; };
		4526B67F1F23A7BF00FB6035 /* MasqurinTool.h */ = {isa = PBXFileReference; fileEncoding = 4; lastKnownFileType = sourcecode.c.h; path = MasqurinTool.h; sourceTree = "<group>"; };
		4526B6801F23A7BF00FB6035 /* MasqurinTool.m */ = {isa = PBXFileReference; fileEncoding = 4; lastKnownFileType = sourcecode.c.objc; path = MasqurinTool.m; sourceTree = "<group>"; };
		4526B6821F23ABBC00FB6035 /* MUIBottonlineTextField.h */ = {isa = PBXFileReference; fileEncoding = 4; lastKnownFileType = sourcecode.c.h; path = MUIBottonlineTextField.h; sourceTree = "<group>"; };
		4526B6831F23ABBC00FB6035 /* MUIBottonlineTextField.m */ = {isa = PBXFileReference; fileEncoding = 4; lastKnownFileType = sourcecode.c.objc; path = MUIBottonlineTextField.m; sourceTree = "<group>"; };
		4526B6861F244F6100FB6035 /* FieldDispatchLoginChooseViewController.h */ = {isa = PBXFileReference; fileEncoding = 4; lastKnownFileType = sourcecode.c.h; path = FieldDispatchLoginChooseViewController.h; sourceTree = "<group>"; };
		4526B6871F244F6100FB6035 /* FieldDispatchLoginChooseViewController.m */ = {isa = PBXFileReference; fileEncoding = 4; lastKnownFileType = sourcecode.c.objc; path = FieldDispatchLoginChooseViewController.m; sourceTree = "<group>"; };
		4526B6891F24550900FB6035 /* MobileDataBase.h */ = {isa = PBXFileReference; fileEncoding = 4; lastKnownFileType = sourcecode.c.h; path = MobileDataBase.h; sourceTree = "<group>"; };
		4526B68A1F24550900FB6035 /* MobileDataBase.m */ = {isa = PBXFileReference; fileEncoding = 4; lastKnownFileType = sourcecode.c.objc; path = MobileDataBase.m; sourceTree = "<group>"; };
		4526B68C1F249A5300FB6035 /* FieldDispatchDataBase.h */ = {isa = PBXFileReference; fileEncoding = 4; lastKnownFileType = sourcecode.c.h; path = FieldDispatchDataBase.h; sourceTree = "<group>"; };
		4526B68D1F249A5300FB6035 /* FieldDispatchDataBase.m */ = {isa = PBXFileReference; fileEncoding = 4; lastKnownFileType = sourcecode.c.objc; path = FieldDispatchDataBase.m; sourceTree = "<group>"; };
		452D2B971F32079C00ABB68D /* UITextField+BottonLine.h */ = {isa = PBXFileReference; fileEncoding = 4; lastKnownFileType = sourcecode.c.h; path = "UITextField+BottonLine.h"; sourceTree = "<group>"; };
		452D2B981F32079C00ABB68D /* UITextField+BottonLine.m */ = {isa = PBXFileReference; fileEncoding = 4; lastKnownFileType = sourcecode.c.objc; path = "UITextField+BottonLine.m"; sourceTree = "<group>"; };
		4532DBAD1F2F1CDF00375E30 /* HttpConnection.h */ = {isa = PBXFileReference; fileEncoding = 4; lastKnownFileType = sourcecode.c.h; path = HttpConnection.h; sourceTree = "<group>"; };
		4532DBAE1F2F1CDF00375E30 /* HttpConnection.m */ = {isa = PBXFileReference; fileEncoding = 4; lastKnownFileType = sourcecode.c.objc; path = HttpConnection.m; sourceTree = "<group>"; };
		4532DBB31F2F892400375E30 /* FieldDispatch.entitlements */ = {isa = PBXFileReference; lastKnownFileType = text.plist.entitlements; path = FieldDispatch.entitlements; sourceTree = "<group>"; };
		4563B8011F3DE1D000FCE61E /* AdvanceImageView.h */ = {isa = PBXFileReference; fileEncoding = 4; lastKnownFileType = sourcecode.c.h; path = AdvanceImageView.h; sourceTree = "<group>"; };
		4563B8021F3DE1D000FCE61E /* AdvanceImageView.m */ = {isa = PBXFileReference; fileEncoding = 4; lastKnownFileType = sourcecode.c.objc; path = AdvanceImageView.m; sourceTree = "<group>"; };
		4586F2611F45613400EEBFE1 /* MissionWorkPointVO.h */ = {isa = PBXFileReference; fileEncoding = 4; lastKnownFileType = sourcecode.c.h; path = MissionWorkPointVO.h; sourceTree = "<group>"; };
		4586F2621F45613400EEBFE1 /* MissionWorkPointVO.m */ = {isa = PBXFileReference; fileEncoding = 4; lastKnownFileType = sourcecode.c.objc; path = MissionWorkPointVO.m; sourceTree = "<group>"; };
		4586F2DB1F4717F100EEBFE1 /* MLoctionVO.h */ = {isa = PBXFileReference; fileEncoding = 4; lastKnownFileType = sourcecode.c.h; path = MLoctionVO.h; sourceTree = "<group>"; };
		4586F2DC1F4717F100EEBFE1 /* MLoctionVO.m */ = {isa = PBXFileReference; fileEncoding = 4; lastKnownFileType = sourcecode.c.objc; path = MLoctionVO.m; sourceTree = "<group>"; };
		4586F2E11F48131400EEBFE1 /* MemberGroupVO.h */ = {isa = PBXFileReference; fileEncoding = 4; lastKnownFileType = sourcecode.c.h; path = MemberGroupVO.h; sourceTree = "<group>"; };
		4586F2E21F48131400EEBFE1 /* MemberGroupVO.m */ = {isa = PBXFileReference; fileEncoding = 4; lastKnownFileType = sourcecode.c.objc; path = MemberGroupVO.m; sourceTree = "<group>"; };
		4586F2E71F481ED900EEBFE1 /* MemberGroupMemberVO.h */ = {isa = PBXFileReference; fileEncoding = 4; lastKnownFileType = sourcecode.c.h; path = MemberGroupMemberVO.h; sourceTree = "<group>"; };
		4586F2E81F481ED900EEBFE1 /* MemberGroupMemberVO.m */ = {isa = PBXFileReference; fileEncoding = 4; lastKnownFileType = sourcecode.c.objc; path = MemberGroupMemberVO.m; sourceTree = "<group>"; };
		4586F2EA1F48227C00EEBFE1 /* MemberGroupManagerVO.h */ = {isa = PBXFileReference; fileEncoding = 4; lastKnownFileType = sourcecode.c.h; path = MemberGroupManagerVO.h; sourceTree = "<group>"; };
		4586F2EB1F48227C00EEBFE1 /* MemberGroupManagerVO.m */ = {isa = PBXFileReference; fileEncoding = 4; lastKnownFileType = sourcecode.c.objc; path = MemberGroupManagerVO.m; sourceTree = "<group>"; };
		459630B21F25E9F5004BD775 /* MUIButtonAutoLayout.h */ = {isa = PBXFileReference; fileEncoding = 4; lastKnownFileType = sourcecode.c.h; path = MUIButtonAutoLayout.h; sourceTree = "<group>"; };
		459630B31F25E9F5004BD775 /* MUIButtonAutoLayout.m */ = {isa = PBXFileReference; fileEncoding = 4; lastKnownFileType = sourcecode.c.objc; path = MUIButtonAutoLayout.m; sourceTree = "<group>"; };
		459C64FC1F29ADBA00A06324 /* TeamMembers.h */ = {isa = PBXFileReference; fileEncoding = 4; lastKnownFileType = sourcecode.c.h; path = TeamMembers.h; sourceTree = "<group>"; };
		459C64FD1F29ADBA00A06324 /* TeamMembers.m */ = {isa = PBXFileReference; fileEncoding = 4; lastKnownFileType = sourcecode.c.objc; path = TeamMembers.m; sourceTree = "<group>"; };
		459C65951F2B04B000A06324 /* UIView+AutoLayout.h */ = {isa = PBXFileReference; fileEncoding = 4; lastKnownFileType = sourcecode.c.h; path = "UIView+AutoLayout.h"; sourceTree = "<group>"; };
		459C65961F2B04B000A06324 /* UIView+AutoLayout.m */ = {isa = PBXFileReference; fileEncoding = 4; lastKnownFileType = sourcecode.c.objc; path = "UIView+AutoLayout.m"; sourceTree = "<group>"; };
		45E9FEB81F2207A100025E7F /* LogIn.h */ = {isa = PBXFileReference; fileEncoding = 4; lastKnownFileType = sourcecode.c.h; path = LogIn.h; sourceTree = "<group>"; };
		45E9FEB91F2207A100025E7F /* LogIn.m */ = {isa = PBXFileReference; fileEncoding = 4; lastKnownFileType = sourcecode.c.objc; path = LogIn.m; sourceTree = "<group>"; };
		45E9FEC31F22137E00025E7F /* SingInVC.h */ = {isa = PBXFileReference; fileEncoding = 4; lastKnownFileType = sourcecode.c.h; path = SingInVC.h; sourceTree = "<group>"; };
		45E9FEC41F22137E00025E7F /* SingInVC.m */ = {isa = PBXFileReference; fileEncoding = 4; lastKnownFileType = sourcecode.c.objc; path = SingInVC.m; sourceTree = "<group>"; };
		45E9FEC91F22346400025E7F /* CoreLocation.framework */ = {isa = PBXFileReference; lastKnownFileType = wrapper.framework; name = CoreLocation.framework; path = System/Library/Frameworks/CoreLocation.framework; sourceTree = SDKROOT; };
		45E9FECB1F22347200025E7F /* MapKit.framework */ = {isa = PBXFileReference; lastKnownFileType = wrapper.framework; name = MapKit.framework; path = System/Library/Frameworks/MapKit.framework; sourceTree = SDKROOT; };
		D8372D5AD33AD30C4EEE0F64 /* libPods-FieldDispatch.a */ = {isa = PBXFileReference; explicitFileType = archive.ar; includeInIndex = 0; path = "libPods-FieldDispatch.a"; sourceTree = BUILT_PRODUCTS_DIR; };
/* End PBXFileReference section */

/* Begin PBXFrameworksBuildPhase section */
		45080E1E1F1DD73300E6F590 /* Frameworks */ = {
			isa = PBXFrameworksBuildPhase;
			buildActionMask = 2147483647;
			files = (
				45E9FECC1F22347200025E7F /* MapKit.framework in Frameworks */,
				45E9FECA1F22346400025E7F /* CoreLocation.framework in Frameworks */,
				55042A07791E18DF2950DA35 /* libPods-FieldDispatch.a in Frameworks */,
			);
			runOnlyForDeploymentPostprocessing = 0;
		};
/* End PBXFrameworksBuildPhase section */

/* Begin PBXGroup section */
		45080E181F1DD73300E6F590 = {
			isa = PBXGroup;
			children = (
				45080E231F1DD73300E6F590 /* FieldDispatch */,
				45080E221F1DD73300E6F590 /* Products */,
				52201AEDDB11F094209D7B6A /* Pods */,
				BA1DA8DCE2EF6A4EB26B8819 /* Frameworks */,
			);
			sourceTree = "<group>";
		};
		45080E221F1DD73300E6F590 /* Products */ = {
			isa = PBXGroup;
			children = (
				45080E211F1DD73300E6F590 /* FieldDispatch.app */,
			);
			name = Products;
			sourceTree = "<group>";
		};
		45080E231F1DD73300E6F590 /* FieldDispatch */ = {
			isa = PBXGroup;
			children = (
				4532DBB31F2F892400375E30 /* FieldDispatch.entitlements */,
				45080E331F1DD73300E6F590 /* Assets.xcassets */,
				45080E351F1DD73300E6F590 /* LaunchScreen.storyboard */,
				45080E271F1DD73300E6F590 /* AppDelegate.h */,
				45080E281F1DD73300E6F590 /* AppDelegate.m */,
				450B73791F3EDCF6008A2458 /* CheckSignIn.storyboard */,
				450A65FF1F31E29900BA96C3 /* CheckSingInVC.h */,
				450A66001F31E29900BA96C3 /* CheckSingInVC.m */,
				450B737B1F3EDDA2008A2458 /* SignInVC.storyboard */,
				45E9FEC31F22137E00025E7F /* SingInVC.h */,
				45E9FEC41F22137E00025E7F /* SingInVC.m */,
				45080E2D1F1DD73300E6F590 /* Main.storyboard */,
				45080E2A1F1DD73300E6F590 /* MainVC.h */,
				45080E2B1F1DD73300E6F590 /* MainVC.m */,
				450B73761F3EDC2A008A2458 /* Map.storyboard */,
				450F7EBE1F38C7CB00DEF66D /* MapVC.h */,
				450F7EBF1F38C7CB00DEF66D /* MapVC.m */,
				450F7EC61F38D70B00DEF66D /* UserInfo.storyboard */,
				450F7EC11F38CE2700DEF66D /* UserInfoVC.h */,
				450F7EC21F38CE2700DEF66D /* UserInfoVC.m */,
				450B73921F41C06C008A2458 /* CreateMissionVC.h */,
				450B73931F41C06C008A2458 /* CreateMissionVC.m */,
				450B73831F3EE7EA008A2458 /* Mission.storyboard */,
				450B737E1F3EE5C2008A2458 /* MissionTVC.h */,
				450B737F1F3EE5C2008A2458 /* MissionTVC.m */,
				450B73861F3EE8D7008A2458 /* MissionTVCell.h */,
				450B73871F3EE8D8008A2458 /* MissionTVCell.m */,
				450B738C1F4004E7008A2458 /* FieldDispatchLoginVC.storyboard */,
				4526B6861F244F6100FB6035 /* FieldDispatchLoginChooseViewController.h */,
				4526B6871F244F6100FB6035 /* FieldDispatchLoginChooseViewController.m */,
				4526B68F1F249AD500FB6035 /* FieldDispatchDataBase */,
				4526B6851F244CD400FB6035 /* MasqurinTool */,
				45080E381F1DD73300E6F590 /* Info.plist */,
				45080E3E1F1DDD8700E6F590 /* GoogleService-Info.plist */,
				45080E301F1DD73300E6F590 /* FieldDispatch.xcdatamodeld */,
				45080E241F1DD73300E6F590 /* Supporting Files */,
			);
			path = FieldDispatch;
			sourceTree = "<group>";
		};
		45080E241F1DD73300E6F590 /* Supporting Files */ = {
			isa = PBXGroup;
			children = (
				45080E251F1DD73300E6F590 /* main.m */,
			);
			name = "Supporting Files";
			sourceTree = "<group>";
		};
		4526B6851F244CD400FB6035 /* MasqurinTool */ = {
			isa = PBXGroup;
			children = (
				4526B67F1F23A7BF00FB6035 /* MasqurinTool.h */,
				4526B6801F23A7BF00FB6035 /* MasqurinTool.m */,
				4586F2DB1F4717F100EEBFE1 /* MLoctionVO.h */,
				4586F2DC1F4717F100EEBFE1 /* MLoctionVO.m */,
				450B738F1F400AE8008A2458 /* UIColor+MColor.h */,
				450B73901F400AE8008A2458 /* UIColor+MColor.m */,
				450A65FC1F31D85700BA96C3 /* UIButton+MButton.h */,
				450A65FD1F31D85700BA96C3 /* UIButton+MButton.m */,
				452D2B971F32079C00ABB68D /* UITextField+BottonLine.h */,
				452D2B981F32079C00ABB68D /* UITextField+BottonLine.m */,
				4526B6821F23ABBC00FB6035 /* MUIBottonlineTextField.h */,
				4526B6831F23ABBC00FB6035 /* MUIBottonlineTextField.m */,
				459630B21F25E9F5004BD775 /* MUIButtonAutoLayout.h */,
				459630B31F25E9F5004BD775 /* MUIButtonAutoLayout.m */,
				459C65951F2B04B000A06324 /* UIView+AutoLayout.h */,
				459C65961F2B04B000A06324 /* UIView+AutoLayout.m */,
				4563B8011F3DE1D000FCE61E /* AdvanceImageView.h */,
				4563B8021F3DE1D000FCE61E /* AdvanceImageView.m */,
			);
			name = MasqurinTool;
			sourceTree = "<group>";
		};
		4526B68F1F249AD500FB6035 /* FieldDispatchDataBase */ = {
			isa = PBXGroup;
			children = (
				4526B68C1F249A5300FB6035 /* FieldDispatchDataBase.h */,
				4526B68D1F249A5300FB6035 /* FieldDispatchDataBase.m */,
				4526B6891F24550900FB6035 /* MobileDataBase.h */,
				4526B68A1F24550900FB6035 /* MobileDataBase.m */,
				45E9FEB81F2207A100025E7F /* LogIn.h */,
				45E9FEB91F2207A100025E7F /* LogIn.m */,
				459C64FC1F29ADBA00A06324 /* TeamMembers.h */,
				459C64FD1F29ADBA00A06324 /* TeamMembers.m */,
				4586F2EE1F48251700EEBFE1 /* Member */,
				4586F2EF1F482F1200EEBFE1 /* Mission */,
				4532DBAD1F2F1CDF00375E30 /* HttpConnection.h */,
				4532DBAE1F2F1CDF00375E30 /* HttpConnection.m */,
			);
			name = FieldDispatchDataBase;
			sourceTree = "<group>";
		};
		4586F2ED1F4824B500EEBFE1 /* MemberGroup */ = {
			isa = PBXGroup;
			children = (
				4586F2E11F48131400EEBFE1 /* MemberGroupVO.h */,
				4586F2E21F48131400EEBFE1 /* MemberGroupVO.m */,
				4586F2EA1F48227C00EEBFE1 /* MemberGroupManagerVO.h */,
				4586F2EB1F48227C00EEBFE1 /* MemberGroupManagerVO.m */,
				4586F2E71F481ED900EEBFE1 /* MemberGroupMemberVO.h */,
				4586F2E81F481ED900EEBFE1 /* MemberGroupMemberVO.m */,
			);
			name = MemberGroup;
			sourceTree = "<group>";
		};
		4586F2EE1F48251700EEBFE1 /* Member */ = {
			isa = PBXGroup;
			children = (
				450F7EB81F38141A00DEF66D /* MemberDatabase.h */,
				450F7EB91F38141A00DEF66D /* MemberDatabase.m */,
				4586F2ED1F4824B500EEBFE1 /* MemberGroup */,
			);
			name = Member;
			sourceTree = "<group>";
		};
		4586F2EF1F482F1200EEBFE1 /* Mission */ = {
			isa = PBXGroup;
			children = (
				450B73891F3F22EC008A2458 /* MissionVO.h */,
				450B738A1F3F22EC008A2458 /* MissionVO.m */,
				4586F2611F45613400EEBFE1 /* MissionWorkPointVO.h */,
				4586F2621F45613400EEBFE1 /* MissionWorkPointVO.m */,
			);
			name = Mission;
			sourceTree = "<group>";
		};
		52201AEDDB11F094209D7B6A /* Pods */ = {
			isa = PBXGroup;
			children = (
				33FEACD5D686E023A32EFA84 /* Pods-FieldDispatch.debug.xcconfig */,
				253E1FE1C362B86EC1AFDC3C /* Pods-FieldDispatch.release.xcconfig */,
			);
			name = Pods;
			sourceTree = "<group>";
		};
		BA1DA8DCE2EF6A4EB26B8819 /* Frameworks */ = {
			isa = PBXGroup;
			children = (
				45E9FECB1F22347200025E7F /* MapKit.framework */,
				45E9FEC91F22346400025E7F /* CoreLocation.framework */,
				D8372D5AD33AD30C4EEE0F64 /* libPods-FieldDispatch.a */,
			);
			name = Frameworks;
			sourceTree = "<group>";
		};
/* End PBXGroup section */

/* Begin PBXNativeTarget section */
		45080E201F1DD73300E6F590 /* FieldDispatch */ = {
			isa = PBXNativeTarget;
			buildConfigurationList = 45080E3B1F1DD73300E6F590 /* Build configuration list for PBXNativeTarget "FieldDispatch" */;
			buildPhases = (
				028418C645C48C1EF18B1819 /* [CP] Check Pods Manifest.lock */,
				45080E1D1F1DD73300E6F590 /* Sources */,
				45080E1E1F1DD73300E6F590 /* Frameworks */,
				45080E1F1F1DD73300E6F590 /* Resources */,
				B2BDB4322067ECD3FD32C1BD /* [CP] Embed Pods Frameworks */,
				0133A834341391A0FA53FEFF /* [CP] Copy Pods Resources */,
			);
			buildRules = (
			);
			dependencies = (
			);
			name = FieldDispatch;
			productName = FieldDispatch;
			productReference = 45080E211F1DD73300E6F590 /* FieldDispatch.app */;
			productType = "com.apple.product-type.application";
		};
/* End PBXNativeTarget section */

/* Begin PBXProject section */
		45080E191F1DD73300E6F590 /* Project object */ = {
			isa = PBXProject;
			attributes = {
				LastUpgradeCheck = 0830;
				ORGANIZATIONNAME = "Ｍasqurin";
				TargetAttributes = {
					45080E201F1DD73300E6F590 = {
						CreatedOnToolsVersion = 8.3.3;
						DevelopmentTeam = J46ZPGV247;
						ProvisioningStyle = Automatic;
						SystemCapabilities = {
							com.apple.BackgroundModes = {
								enabled = 1;
							};
							com.apple.Maps.iOS = {
								enabled = 1;
							};
							com.apple.Push = {
								enabled = 1;
							};
						};
					};
				};
			};
			buildConfigurationList = 45080E1C1F1DD73300E6F590 /* Build configuration list for PBXProject "FieldDispatch" */;
			compatibilityVersion = "Xcode 3.2";
			developmentRegion = English;
			hasScannedForEncodings = 0;
			knownRegions = (
				en,
				Base,
			);
			mainGroup = 45080E181F1DD73300E6F590;
			productRefGroup = 45080E221F1DD73300E6F590 /* Products */;
			projectDirPath = "";
			projectRoot = "";
			targets = (
				45080E201F1DD73300E6F590 /* FieldDispatch */,
			);
		};
/* End PBXProject section */

/* Begin PBXResourcesBuildPhase section */
		45080E1F1F1DD73300E6F590 /* Resources */ = {
			isa = PBXResourcesBuildPhase;
			buildActionMask = 2147483647;
			files = (
				450B738E1F4004E7008A2458 /* FieldDispatchLoginVC.storyboard in Resources */,
				45080E371F1DD73300E6F590 /* LaunchScreen.storyboard in Resources */,
				450F7EC81F38D70B00DEF66D /* UserInfo.storyboard in Resources */,
				450B73851F3EE7EA008A2458 /* Mission.storyboard in Resources */,
				45080E3F1F1DDD8700E6F590 /* GoogleService-Info.plist in Resources */,
				450B737D1F3EDDA2008A2458 /* SignInVC.storyboard in Resources */,
				45080E341F1DD73300E6F590 /* Assets.xcassets in Resources */,
				450B737A1F3EDCF6008A2458 /* CheckSignIn.storyboard in Resources */,
				45080E2F1F1DD73300E6F590 /* Main.storyboard in Resources */,
				450B73781F3EDC2A008A2458 /* Map.storyboard in Resources */,
			);
			runOnlyForDeploymentPostprocessing = 0;
		};
/* End PBXResourcesBuildPhase section */

/* Begin PBXShellScriptBuildPhase section */
		0133A834341391A0FA53FEFF /* [CP] Copy Pods Resources */ = {
			isa = PBXShellScriptBuildPhase;
			buildActionMask = 2147483647;
			files = (
			);
			inputPaths = (
			);
			name = "[CP] Copy Pods Resources";
			outputPaths = (
			);
			runOnlyForDeploymentPostprocessing = 0;
			shellPath = /bin/sh;
			shellScript = "\"${SRCROOT}/Pods/Target Support Files/Pods-FieldDispatch/Pods-FieldDispatch-resources.sh\"\n";
			showEnvVarsInLog = 0;
		};
		028418C645C48C1EF18B1819 /* [CP] Check Pods Manifest.lock */ = {
			isa = PBXShellScriptBuildPhase;
			buildActionMask = 2147483647;
			files = (
			);
			inputPaths = (
			);
			name = "[CP] Check Pods Manifest.lock";
			outputPaths = (
			);
			runOnlyForDeploymentPostprocessing = 0;
			shellPath = /bin/sh;
			shellScript = "diff \"${PODS_ROOT}/../Podfile.lock\" \"${PODS_ROOT}/Manifest.lock\" > /dev/null\nif [ $? != 0 ] ; then\n    # print error to STDERR\n    echo \"error: The sandbox is not in sync with the Podfile.lock. Run 'pod install' or update your CocoaPods installation.\" >&2\n    exit 1\nfi\n";
			showEnvVarsInLog = 0;
		};
		B2BDB4322067ECD3FD32C1BD /* [CP] Embed Pods Frameworks */ = {
			isa = PBXShellScriptBuildPhase;
			buildActionMask = 2147483647;
			files = (
			);
			inputPaths = (
			);
			name = "[CP] Embed Pods Frameworks";
			outputPaths = (
			);
			runOnlyForDeploymentPostprocessing = 0;
			shellPath = /bin/sh;
			shellScript = "\"${SRCROOT}/Pods/Target Support Files/Pods-FieldDispatch/Pods-FieldDispatch-frameworks.sh\"\n";
			showEnvVarsInLog = 0;
		};
/* End PBXShellScriptBuildPhase section */

/* Begin PBXSourcesBuildPhase section */
		45080E1D1F1DD73300E6F590 /* Sources */ = {
			isa = PBXSourcesBuildPhase;
			buildActionMask = 2147483647;
			files = (
				45080E2C1F1DD73300E6F590 /* MainVC.m in Sources */,
				4526B68B1F24550900FB6035 /* MobileDataBase.m in Sources */,
				4526B6841F23ABBC00FB6035 /* MUIBottonlineTextField.m in Sources */,
				4526B6811F23A7BF00FB6035 /* MasqurinTool.m in Sources */,
				4526B6881F244F6100FB6035 /* FieldDispatchLoginChooseViewController.m in Sources */,
				45E9FEBA1F2207A100025E7F /* LogIn.m in Sources */,
				450B73881F3EE8D8008A2458 /* MissionTVCell.m in Sources */,
				450A66011F31E29900BA96C3 /* CheckSingInVC.m in Sources */,
				4586F2DD1F4717F100EEBFE1 /* MLoctionVO.m in Sources */,
				4526B68E1F249A5300FB6035 /* FieldDispatchDataBase.m in Sources */,
				4532DBAF1F2F1CDF00375E30 /* HttpConnection.m in Sources */,
				4586F2E91F481ED900EEBFE1 /* MemberGroupMemberVO.m in Sources */,
				450F7EBA1F38141A00DEF66D /* MemberDatabase.m in Sources */,
				45E9FEC51F22137E00025E7F /* SingInVC.m in Sources */,
				459C64FE1F29ADBA00A06324 /* TeamMembers.m in Sources */,
				45080E291F1DD73300E6F590 /* AppDelegate.m in Sources */,
				450B738B1F3F22EC008A2458 /* MissionVO.m in Sources */,
				4586F2631F45613400EEBFE1 /* MissionWorkPointVO.m in Sources */,
				4586F2EC1F48227C00EEBFE1 /* MemberGroupManagerVO.m in Sources */,
				450B73801F3EE5C2008A2458 /* MissionTVC.m in Sources */,
				450F7EC31F38CE2700DEF66D /* UserInfoVC.m in Sources */,
				459C65971F2B04B000A06324 /* UIView+AutoLayout.m in Sources */,
				452D2B991F32079C00ABB68D /* UITextField+BottonLine.m in Sources */,
				45080E321F1DD73300E6F590 /* FieldDispatch.xcdatamodeld in Sources */,
				4563B8031F3DE1D000FCE61E /* AdvanceImageView.m in Sources */,
				450A65FE1F31D85700BA96C3 /* UIButton+MButton.m in Sources */,
				450F7EC01F38C7CB00DEF66D /* MapVC.m in Sources */,
				450B73941F41C06C008A2458 /* CreateMissionVC.m in Sources */,
				450B73911F400AE8008A2458 /* UIColor+MColor.m in Sources */,
				459630B41F25E9F5004BD775 /* MUIButtonAutoLayout.m in Sources */,
				4586F2E31F48131400EEBFE1 /* MemberGroupVO.m in Sources */,
				45080E261F1DD73300E6F590 /* main.m in Sources */,
			);
			runOnlyForDeploymentPostprocessing = 0;
		};
/* End PBXSourcesBuildPhase section */

/* Begin PBXVariantGroup section */
		45080E2D1F1DD73300E6F590 /* Main.storyboard */ = {
			isa = PBXVariantGroup;
			children = (
				45080E2E1F1DD73300E6F590 /* Base */,
			);
			name = Main.storyboard;
			sourceTree = "<group>";
		};
		45080E351F1DD73300E6F590 /* LaunchScreen.storyboard */ = {
			isa = PBXVariantGroup;
			children = (
				45080E361F1DD73300E6F590 /* Base */,
			);
			name = LaunchScreen.storyboard;
			sourceTree = "<group>";
		};
		450B73761F3EDC2A008A2458 /* Map.storyboard */ = {
			isa = PBXVariantGroup;
			children = (
				450B73771F3EDC2A008A2458 /* Base */,
			);
			name = Map.storyboard;
			sourceTree = "<group>";
		};
		450B737B1F3EDDA2008A2458 /* SignInVC.storyboard */ = {
			isa = PBXVariantGroup;
			children = (
				450B737C1F3EDDA2008A2458 /* Base */,
			);
			name = SignInVC.storyboard;
			sourceTree = "<group>";
		};
		450B73831F3EE7EA008A2458 /* Mission.storyboard */ = {
			isa = PBXVariantGroup;
			children = (
				450B73841F3EE7EA008A2458 /* Base */,
			);
			name = Mission.storyboard;
			sourceTree = "<group>";
		};
		450B738C1F4004E7008A2458 /* FieldDispatchLoginVC.storyboard */ = {
			isa = PBXVariantGroup;
			children = (
				450B738D1F4004E7008A2458 /* Base */,
			);
			name = FieldDispatchLoginVC.storyboard;
			sourceTree = "<group>";
		};
		450F7EC61F38D70B00DEF66D /* UserInfo.storyboard */ = {
			isa = PBXVariantGroup;
			children = (
				450F7EC71F38D70B00DEF66D /* Base */,
			);
			name = UserInfo.storyboard;
			sourceTree = "<group>";
		};
/* End PBXVariantGroup section */

/* Begin XCBuildConfiguration section */
		45080E391F1DD73300E6F590 /* Debug */ = {
			isa = XCBuildConfiguration;
			buildSettings = {
				ALWAYS_SEARCH_USER_PATHS = NO;
				CLANG_ANALYZER_NONNULL = YES;
				CLANG_ANALYZER_NUMBER_OBJECT_CONVERSION = YES_AGGRESSIVE;
				CLANG_CXX_LANGUAGE_STANDARD = "gnu++0x";
				CLANG_CXX_LIBRARY = "libc++";
				CLANG_ENABLE_MODULES = YES;
				CLANG_ENABLE_OBJC_ARC = YES;
				CLANG_WARN_BOOL_CONVERSION = YES;
				CLANG_WARN_CONSTANT_CONVERSION = YES;
				CLANG_WARN_DIRECT_OBJC_ISA_USAGE = YES_ERROR;
				CLANG_WARN_DOCUMENTATION_COMMENTS = YES;
				CLANG_WARN_EMPTY_BODY = YES;
				CLANG_WARN_ENUM_CONVERSION = YES;
				CLANG_WARN_INFINITE_RECURSION = YES;
				CLANG_WARN_INT_CONVERSION = YES;
				CLANG_WARN_OBJC_ROOT_CLASS = YES_ERROR;
				CLANG_WARN_SUSPICIOUS_MOVE = YES;
				CLANG_WARN_UNREACHABLE_CODE = YES;
				CLANG_WARN__DUPLICATE_METHOD_MATCH = YES;
				"CODE_SIGN_IDENTITY[sdk=iphoneos*]" = "iPhone Developer";
				COPY_PHASE_STRIP = NO;
				DEBUG_INFORMATION_FORMAT = dwarf;
				ENABLE_STRICT_OBJC_MSGSEND = YES;
				ENABLE_TESTABILITY = YES;
				GCC_C_LANGUAGE_STANDARD = gnu99;
				GCC_DYNAMIC_NO_PIC = NO;
				GCC_NO_COMMON_BLOCKS = YES;
				GCC_OPTIMIZATION_LEVEL = 0;
				GCC_PREPROCESSOR_DEFINITIONS = (
					"DEBUG=1",
					"$(inherited)",
				);
				GCC_WARN_64_TO_32_BIT_CONVERSION = YES;
				GCC_WARN_ABOUT_RETURN_TYPE = YES_ERROR;
				GCC_WARN_UNDECLARED_SELECTOR = YES;
				GCC_WARN_UNINITIALIZED_AUTOS = YES_AGGRESSIVE;
				GCC_WARN_UNUSED_FUNCTION = YES;
				GCC_WARN_UNUSED_VARIABLE = YES;
				IPHONEOS_DEPLOYMENT_TARGET = 10.3;
				MTL_ENABLE_DEBUG_INFO = YES;
				ONLY_ACTIVE_ARCH = YES;
				SDKROOT = iphoneos;
				TARGETED_DEVICE_FAMILY = "1,2";
			};
			name = Debug;
		};
		45080E3A1F1DD73300E6F590 /* Release */ = {
			isa = XCBuildConfiguration;
			buildSettings = {
				ALWAYS_SEARCH_USER_PATHS = NO;
				CLANG_ANALYZER_NONNULL = YES;
				CLANG_ANALYZER_NUMBER_OBJECT_CONVERSION = YES_AGGRESSIVE;
				CLANG_CXX_LANGUAGE_STANDARD = "gnu++0x";
				CLANG_CXX_LIBRARY = "libc++";
				CLANG_ENABLE_MODULES = YES;
				CLANG_ENABLE_OBJC_ARC = YES;
				CLANG_WARN_BOOL_CONVERSION = YES;
				CLANG_WARN_CONSTANT_CONVERSION = YES;
				CLANG_WARN_DIRECT_OBJC_ISA_USAGE = YES_ERROR;
				CLANG_WARN_DOCUMENTATION_COMMENTS = YES;
				CLANG_WARN_EMPTY_BODY = YES;
				CLANG_WARN_ENUM_CONVERSION = YES;
				CLANG_WARN_INFINITE_RECURSION = YES;
				CLANG_WARN_INT_CONVERSION = YES;
				CLANG_WARN_OBJC_ROOT_CLASS = YES_ERROR;
				CLANG_WARN_SUSPICIOUS_MOVE = YES;
				CLANG_WARN_UNREACHABLE_CODE = YES;
				CLANG_WARN__DUPLICATE_METHOD_MATCH = YES;
				"CODE_SIGN_IDENTITY[sdk=iphoneos*]" = "iPhone Developer";
				COPY_PHASE_STRIP = NO;
				DEBUG_INFORMATION_FORMAT = "dwarf-with-dsym";
				ENABLE_NS_ASSERTIONS = NO;
				ENABLE_STRICT_OBJC_MSGSEND = YES;
				GCC_C_LANGUAGE_STANDARD = gnu99;
				GCC_NO_COMMON_BLOCKS = YES;
				GCC_WARN_64_TO_32_BIT_CONVERSION = YES;
				GCC_WARN_ABOUT_RETURN_TYPE = YES_ERROR;
				GCC_WARN_UNDECLARED_SELECTOR = YES;
				GCC_WARN_UNINITIALIZED_AUTOS = YES_AGGRESSIVE;
				GCC_WARN_UNUSED_FUNCTION = YES;
				GCC_WARN_UNUSED_VARIABLE = YES;
				IPHONEOS_DEPLOYMENT_TARGET = 10.3;
				MTL_ENABLE_DEBUG_INFO = NO;
				SDKROOT = iphoneos;
				TARGETED_DEVICE_FAMILY = "1,2";
				VALIDATE_PRODUCT = YES;
			};
			name = Release;
		};
		45080E3C1F1DD73300E6F590 /* Debug */ = {
			isa = XCBuildConfiguration;
			baseConfigurationReference = 33FEACD5D686E023A32EFA84 /* Pods-FieldDispatch.debug.xcconfig */;
			buildSettings = {
				ASSETCATALOG_COMPILER_APPICON_NAME = AppIcon;
				CODE_SIGN_ENTITLEMENTS = FieldDispatch/FieldDispatch.entitlements;
				DEVELOPMENT_TEAM = J46ZPGV247;
				INFOPLIST_FILE = FieldDispatch/Info.plist;
				IPHONEOS_DEPLOYMENT_TARGET = 9.3;
				LD_RUNPATH_SEARCH_PATHS = "$(inherited) @executable_path/Frameworks";
				PRODUCT_BUNDLE_IDENTIFIER = "com.-asqurin.FieldDispatch";
				PRODUCT_NAME = "$(TARGET_NAME)";
			};
			name = Debug;
		};
		45080E3D1F1DD73300E6F590 /* Release */ = {
			isa = XCBuildConfiguration;
			baseConfigurationReference = 253E1FE1C362B86EC1AFDC3C /* Pods-FieldDispatch.release.xcconfig */;
			buildSettings = {
				ASSETCATALOG_COMPILER_APPICON_NAME = AppIcon;
				CODE_SIGN_ENTITLEMENTS = FieldDispatch/FieldDispatch.entitlements;
				DEVELOPMENT_TEAM = J46ZPGV247;
				INFOPLIST_FILE = FieldDispatch/Info.plist;
				IPHONEOS_DEPLOYMENT_TARGET = 9.3;
				LD_RUNPATH_SEARCH_PATHS = "$(inherited) @executable_path/Frameworks";
				PRODUCT_BUNDLE_IDENTIFIER = "com.-asqurin.FieldDispatch";
				PRODUCT_NAME = "$(TARGET_NAME)";
			};
			name = Release;
		};
/* End XCBuildConfiguration section */

/* Begin XCConfigurationList section */
		45080E1C1F1DD73300E6F590 /* Build configuration list for PBXProject "FieldDispatch" */ = {
			isa = XCConfigurationList;
			buildConfigurations = (
				45080E391F1DD73300E6F590 /* Debug */,
				45080E3A1F1DD73300E6F590 /* Release */,
			);
			defaultConfigurationIsVisible = 0;
			defaultConfigurationName = Release;
		};
		45080E3B1F1DD73300E6F590 /* Build configuration list for PBXNativeTarget "FieldDispatch" */ = {
			isa = XCConfigurationList;
			buildConfigurations = (
				45080E3C1F1DD73300E6F590 /* Debug */,
				45080E3D1F1DD73300E6F590 /* Release */,
			);
			defaultConfigurationIsVisible = 0;
			defaultConfigurationName = Release;
		};
/* End XCConfigurationList section */

/* Begin XCVersionGroup section */
		45080E301F1DD73300E6F590 /* FieldDispatch.xcdatamodeld */ = {
			isa = XCVersionGroup;
			children = (
				45080E311F1DD73300E6F590 /* FieldDispatch.xcdatamodel */,
			);
			currentVersion = 45080E311F1DD73300E6F590 /* FieldDispatch.xcdatamodel */;
			path = FieldDispatch.xcdatamodeld;
			sourceTree = "<group>";
			versionGroupType = wrapper.xcdatamodel;
		};
/* End XCVersionGroup section */
	};
	rootObject = 45080E191F1DD73300E6F590 /* Project object */;
}
